
Microsoft Visual Studio Solution File, Format Version 12.00
# Visual Studio Version 17
VisualStudioVersion = 17.2.32516.85
MinimumVisualStudioVersion = 10.0.40219.1
Project("{9A19103F-16F7-4668-BE54-9A1E7A4F7556}") = "PieShop", "PieShop\PieShop.csproj", "{F585F444-EDED-4D53-A036-640A378D0854}"
	ProjectSection(ProjectDependencies) = postProject
		{39F43DD7-8955-42DD-80D9-345A3192C07E} = {39F43DD7-8955-42DD-80D9-345A3192C07E}
	EndProjectSection
EndProject
Project("{FAE04EC0-301F-11D3-BF4B-00C04F79EFBC}") = "PieShop.Domain", "PieShop.Domain\PieShop.Domain.csproj", "{39F43DD7-8955-42DD-80D9-345A3192C07E}"
EndProject
Global
	GlobalSection(SolutionConfigurationPlatforms) = preSolution
		Debug|Any CPU = Debug|Any CPU
		Release|Any CPU = Release|Any CPU
	EndGlobalSection
	GlobalSection(ProjectConfigurationPlatforms) = postSolution
		{F585F444-EDED-4D53-A036-640A378D0854}.Debug|Any CPU.ActiveCfg = Debug|Any CPU
		{F585F444-EDED-4D53-A036-640A378D0854}.Debug|Any CPU.Build.0 = Debug|Any CPU
		{F585F444-EDED-4D53-A036-640A378D0854}.Release|Any CPU.ActiveCfg = Release|Any CPU
		{F585F444-EDED-4D53-A036-640A378D0854}.Release|Any CPU.Build.0 = Release|Any CPU
		{39F43DD7-8955-42DD-80D9-345A3192C07E}.Debug|Any CPU.ActiveCfg = Debug|Any CPU
		{39F43DD7-8955-42DD-80D9-345A3192C07E}.Debug|Any CPU.Build.0 = Debug|Any CPU
		{39F43DD7-8955-42DD-80D9-345A3192C07E}.Release|Any CPU.ActiveCfg = Release|Any CPU
		{39F43DD7-8955-42DD-80D9-345A3192C07E}.Release|Any CPU.Build.0 = Release|Any CPU
	EndGlobalSection
	GlobalSection(SolutionProperties) = preSolution
		HideSolutionNode = FALSE
	EndGlobalSection
	GlobalSection(ExtensibilityGlobals) = postSolution
		SolutionGuid = {C70F6592-394F-47FE-9444-65318DD93B50}
	EndGlobalSection
EndGlobal
